
Microsoft Visual Studio Solution File, Format Version 12.00
# Visual Studio Version 17
VisualStudioVersion = 17.8.34330.188
MinimumVisualStudioVersion = 10.0.40219.1
Project("{C9674DCB-5085-4A16-B785-4C70DD1589BD}") = "SpotifySSIS", "SpotifySSIS.dtproj", "{6B98922C-6C06-4241-9BCB-59B79410FD61}"
EndProject
Global
	GlobalSection(SolutionConfigurationPlatforms) = preSolution
		Development|Default = Development|Default
	EndGlobalSection
	GlobalSection(ProjectConfigurationPlatforms) = postSolution
		{6B98922C-6C06-4241-9BCB-59B79410FD61}.Development|Default.ActiveCfg = Development
		{6B98922C-6C06-4241-9BCB-59B79410FD61}.Development|Default.Build.0 = Development
	EndGlobalSection
	GlobalSection(SolutionProperties) = preSolution
		HideSolutionNode = FALSE
	EndGlobalSection
	GlobalSection(ExtensibilityGlobals) = postSolution
		SolutionGuid = {DED70CDD-1DAD-4174-A9B1-C92EA81E1156}
	EndGlobalSection
EndGlobal
